// !$*UTF8*$!
{
	archiveVersion = 1;
	classes = {
	};
	objectVersion = 56;
	objects = {

/* Begin PBXBuildFile section */
		B63CA79D2BD8FB18007D48D7 /* Day_43_Navigation.swift in Sources */ = {isa = PBXBuildFile; fileRef = B63CA79C2BD8FB18007D48D7 /* Day_43_Navigation.swift */; };
		B63CA79F2BD8FB18007D48D7 /* ContentView.swift in Sources */ = {isa = PBXBuildFile; fileRef = B63CA79E2BD8FB18007D48D7 /* ContentView.swift */; };
		B63CA7A12BD8FB1E007D48D7 /* Assets.xcassets in Resources */ = {isa = PBXBuildFile; fileRef = B63CA7A02BD8FB1E007D48D7 /* Assets.xcassets */; };
		B63CA7A42BD8FB1E007D48D7 /* Preview Assets.xcassets in Resources */ = {isa = PBXBuildFile; fileRef = B63CA7A32BD8FB1E007D48D7 /* Preview Assets.xcassets */; };
		B63CA7AD2BD8FD47007D48D7 /* NavigationLinkProblem.swift in Sources */ = {isa = PBXBuildFile; fileRef = B63CA7AC2BD8FD47007D48D7 /* NavigationLinkProblem.swift */; };
		B63CA7AF2BD90203007D48D7 /* NavigationDestination.swift in Sources */ = {isa = PBXBuildFile; fileRef = B63CA7AE2BD90203007D48D7 /* NavigationDestination.swift */; };
		B63CA7B12BDA4BA5007D48D7 /* ProgrammaticNavigation.swift in Sources */ = {isa = PBXBuildFile; fileRef = B63CA7B02BDA4BA5007D48D7 /* ProgrammaticNavigation.swift */; };
		B63CA7B32BDB94A5007D48D7 /* Navigation_Path.swift in Sources */ = {isa = PBXBuildFile; fileRef = B63CA7B22BDB94A5007D48D7 /* Navigation_Path.swift */; };
/* End PBXBuildFile section */

/* Begin PBXFileReference section */
		B63CA7992BD8FB18007D48D7 /* Day 43 - Navigation.app */ = {isa = PBXFileReference; explicitFileType = wrapper.application; includeInIndex = 0; path = "Day 43 - Navigation.app"; sourceTree = BUILT_PRODUCTS_DIR; };
		B63CA79C2BD8FB18007D48D7 /* Day_43_Navigation.swift */ = {isa = PBXFileReference; lastKnownFileType = sourcecode.swift; path = Day_43_Navigation.swift; sourceTree = "<group>"; };
		B63CA79E2BD8FB18007D48D7 /* ContentView.swift */ = {isa = PBXFileReference; lastKnownFileType = sourcecode.swift; path = ContentView.swift; sourceTree = "<group>"; };
		B63CA7A02BD8FB1E007D48D7 /* Assets.xcassets */ = {isa = PBXFileReference; lastKnownFileType = folder.assetcatalog; path = Assets.xcassets; sourceTree = "<group>"; };
		B63CA7A32BD8FB1E007D48D7 /* Preview Assets.xcassets */ = {isa = PBXFileReference; lastKnownFileType = folder.assetcatalog; path = "Preview Assets.xcassets"; sourceTree = "<group>"; };
		B63CA7AC2BD8FD47007D48D7 /* NavigationLinkProblem.swift */ = {isa = PBXFileReference; lastKnownFileType = sourcecode.swift; path = NavigationLinkProblem.swift; sourceTree = "<group>"; };
		B63CA7AE2BD90203007D48D7 /* NavigationDestination.swift */ = {isa = PBXFileReference; lastKnownFileType = sourcecode.swift; path = NavigationDestination.swift; sourceTree = "<group>"; };
		B63CA7B02BDA4BA5007D48D7 /* ProgrammaticNavigation.swift */ = {isa = PBXFileReference; lastKnownFileType = sourcecode.swift; path = ProgrammaticNavigation.swift; sourceTree = "<group>"; };
		B63CA7B22BDB94A5007D48D7 /* Navigation_Path.swift */ = {isa = PBXFileReference; lastKnownFileType = sourcecode.swift; path = Navigation_Path.swift; sourceTree = "<group>"; };
/* End PBXFileReference section */

/* Begin PBXFrameworksBuildPhase section */
		B63CA7962BD8FB18007D48D7 /* Frameworks */ = {
			isa = PBXFrameworksBuildPhase;
			buildActionMask = 2147483647;
			files = (
			);
			runOnlyForDeploymentPostprocessing = 0;
		};
/* End PBXFrameworksBuildPhase section */

/* Begin PBXGroup section */
		B63CA7902BD8FB18007D48D7 = {
			isa = PBXGroup;
			children = (
				B63CA79B2BD8FB18007D48D7 /* Day 43 - Navigation */,
				B63CA79A2BD8FB18007D48D7 /* Products */,
			);
			sourceTree = "<group>";
		};
		B63CA79A2BD8FB18007D48D7 /* Products */ = {
			isa = PBXGroup;
			children = (
				B63CA7992BD8FB18007D48D7 /* Day 43 - Navigation.app */,
			);
			name = Products;
			sourceTree = "<group>";
		};
		B63CA79B2BD8FB18007D48D7 /* Day 43 - Navigation */ = {
			isa = PBXGroup;
			children = (
				B63CA79C2BD8FB18007D48D7 /* Day_43_Navigation.swift */,
				B63CA79E2BD8FB18007D48D7 /* ContentView.swift */,
				B63CA7AC2BD8FD47007D48D7 /* NavigationLinkProblem.swift */,
				B63CA7AE2BD90203007D48D7 /* NavigationDestination.swift */,
				B63CA7B02BDA4BA5007D48D7 /* ProgrammaticNavigation.swift */,
				B63CA7B22BDB94A5007D48D7 /* Navigation_Path.swift */,
				B63CA7A02BD8FB1E007D48D7 /* Assets.xcassets */,
				B63CA7A22BD8FB1E007D48D7 /* Preview Content */,
			);
			path = "Day 43 - Navigation";
			sourceTree = "<group>";
		};
		B63CA7A22BD8FB1E007D48D7 /* Preview Content */ = {
			isa = PBXGroup;
			children = (
				B63CA7A32BD8FB1E007D48D7 /* Preview Assets.xcassets */,
			);
			path = "Preview Content";
			sourceTree = "<group>";
		};
/* End PBXGroup section */

/* Begin PBXNativeTarget section */
		B63CA7982BD8FB18007D48D7 /* Day 43 - Navigation */ = {
			isa = PBXNativeTarget;
			buildConfigurationList = B63CA7A72BD8FB1E007D48D7 /* Build configuration list for PBXNativeTarget "Day 43 - Navigation" */;
			buildPhases = (
				B63CA7952BD8FB18007D48D7 /* Sources */,
				B63CA7962BD8FB18007D48D7 /* Frameworks */,
				B63CA7972BD8FB18007D48D7 /* Resources */,
			);
			buildRules = (
			);
			dependencies = (
			);
			name = "Day 43 - Navigation";
			productName = "Day 43 - Navigation";
			productReference = B63CA7992BD8FB18007D48D7 /* Day 43 - Navigation.app */;
			productType = "com.apple.product-type.application";
		};
/* End PBXNativeTarget section */

/* Begin PBXProject section */
		B63CA7912BD8FB18007D48D7 /* Project object */ = {
			isa = PBXProject;
			attributes = {
				BuildIndependentTargetsInParallel = 1;
				LastSwiftUpdateCheck = 1530;
				LastUpgradeCheck = 1530;
				TargetAttributes = {
					B63CA7982BD8FB18007D48D7 = {
						CreatedOnToolsVersion = 15.3;
					};
				};
			};
			buildConfigurationList = B63CA7942BD8FB18007D48D7 /* Build configuration list for PBXProject "Day 43 - Navigation" */;
			compatibilityVersion = "Xcode 14.0";
			developmentRegion = en;
			hasScannedForEncodings = 0;
			knownRegions = (
				en,
				Base,
			);
			mainGroup = B63CA7902BD8FB18007D48D7;
			productRefGroup = B63CA79A2BD8FB18007D48D7 /* Products */;
			projectDirPath = "";
			projectRoot = "";
			targets = (
				B63CA7982BD8FB18007D48D7 /* Day 43 - Navigation */,
			);
		};
/* End PBXProject section */

/* Begin PBXResourcesBuildPhase section */
		B63CA7972BD8FB18007D48D7 /* Resources */ = {
			isa = PBXResourcesBuildPhase;
			buildActionMask = 2147483647;
			files = (
				B63CA7A42BD8FB1E007D48D7 /* Preview Assets.xcassets in Resources */,
				B63CA7A12BD8FB1E007D48D7 /* Assets.xcassets in Resources */,
			);
			runOnlyForDeploymentPostprocessing = 0;
		};
/* End PBXResourcesBuildPhase section */

/* Begin PBXSourcesBuildPhase section */
		B63CA7952BD8FB18007D48D7 /* Sources */ = {
			isa = PBXSourcesBuildPhase;
			buildActionMask = 2147483647;
			files = (
				B63CA7B12BDA4BA5007D48D7 /* ProgrammaticNavigation.swift in Sources */,
				B63CA7AF2BD90203007D48D7 /* NavigationDestination.swift in Sources */,
				B63CA7AD2BD8FD47007D48D7 /* NavigationLinkProblem.swift in Sources */,
				B63CA79F2BD8FB18007D48D7 /* ContentView.swift in Sources */,
				B63CA7B32BDB94A5007D48D7 /* Navigation_Path.swift in Sources */,
				B63CA79D2BD8FB18007D48D7 /* Day_43_Navigation.swift in Sources */,
			);
			runOnlyForDeploymentPostprocessing = 0;
		};
/* End PBXSourcesBuildPhase section */

/* Begin XCBuildConfiguration section */
		B63CA7A52BD8FB1E007D48D7 /* Debug */ = {
			isa = XCBuildConfiguration;
			buildSettings = {
				ALWAYS_SEARCH_USER_PATHS = NO;
				ASSETCATALOG_COMPILER_GENERATE_SWIFT_ASSET_SYMBOL_EXTENSIONS = YES;
				CLANG_ANALYZER_NONNULL = YES;
				CLANG_ANALYZER_NUMBER_OBJECT_CONVERSION = YES_AGGRESSIVE;
				CLANG_CXX_LANGUAGE_STANDARD = "gnu++20";
				CLANG_ENABLE_MODULES = YES;
				CLANG_ENABLE_OBJC_ARC = YES;
				CLANG_ENABLE_OBJC_WEAK = YES;
				CLANG_WARN_BLOCK_CAPTURE_AUTORELEASING = YES;
				CLANG_WARN_BOOL_CONVERSION = YES;
				CLANG_WARN_COMMA = YES;
				CLANG_WARN_CONSTANT_CONVERSION = YES;
				CLANG_WARN_DEPRECATED_OBJC_IMPLEMENTATIONS = YES;
				CLANG_WARN_DIRECT_OBJC_ISA_USAGE = YES_ERROR;
				CLANG_WARN_DOCUMENTATION_COMMENTS = YES;
				CLANG_WARN_EMPTY_BODY = YES;
				CLANG_WARN_ENUM_CONVERSION = YES;
				CLANG_WARN_INFINITE_RECURSION = YES;
				CLANG_WARN_INT_CONVERSION = YES;
				CLANG_WARN_NON_LITERAL_NULL_CONVERSION = YES;
				CLANG_WARN_OBJC_IMPLICIT_RETAIN_SELF = YES;
				CLANG_WARN_OBJC_LITERAL_CONVERSION = YES;
				CLANG_WARN_OBJC_ROOT_CLASS = YES_ERROR;
				CLANG_WARN_QUOTED_INCLUDE_IN_FRAMEWORK_HEADER = YES;
				CLANG_WARN_RANGE_LOOP_ANALYSIS = YES;
				CLANG_WARN_STRICT_PROTOTYPES = YES;
				CLANG_WARN_SUSPICIOUS_MOVE = YES;
				CLANG_WARN_UNGUARDED_AVAILABILITY = YES_AGGRESSIVE;
				CLANG_WARN_UNREACHABLE_CODE = YES;
				CLANG_WARN__DUPLICATE_METHOD_MATCH = YES;
				COPY_PHASE_STRIP = NO;
				DEBUG_INFORMATION_FORMAT = dwarf;
				ENABLE_STRICT_OBJC_MSGSEND = YES;
				ENABLE_TESTABILITY = YES;
				ENABLE_USER_SCRIPT_SANDBOXING = YES;
				GCC_C_LANGUAGE_STANDARD = gnu17;
				GCC_DYNAMIC_NO_PIC = NO;
				GCC_NO_COMMON_BLOCKS = YES;
				GCC_OPTIMIZATION_LEVEL = 0;
				GCC_PREPROCESSOR_DEFINITIONS = (
					"DEBUG=1",
					"$(inherited)",
				);
				GCC_WARN_64_TO_32_BIT_CONVERSION = YES;
				GCC_WARN_ABOUT_RETURN_TYPE = YES_ERROR;
				GCC_WARN_UNDECLARED_SELECTOR = YES;
				GCC_WARN_UNINITIALIZED_AUTOS = YES_AGGRESSIVE;
				GCC_WARN_UNUSED_FUNCTION = YES;
				GCC_WARN_UNUSED_VARIABLE = YES;
				IPHONEOS_DEPLOYMENT_TARGET = 17.4;
				LOCALIZATION_PREFERS_STRING_CATALOGS = YES;
				MTL_ENABLE_DEBUG_INFO = INCLUDE_SOURCE;
				MTL_FAST_MATH = YES;
				ONLY_ACTIVE_ARCH = YES;
				SDKROOT = iphoneos;
				SWIFT_ACTIVE_COMPILATION_CONDITIONS = "DEBUG $(inherited)";
				SWIFT_OPTIMIZATION_LEVEL = "-Onone";
			};
			name = Debug;
		};
		B63CA7A62BD8FB1E007D48D7 /* Release */ = {
			isa = XCBuildConfiguration;
			buildSettings = {
				ALWAYS_SEARCH_USER_PATHS = NO;
				ASSETCATALOG_COMPILER_GENERATE_SWIFT_ASSET_SYMBOL_EXTENSIONS = YES;
				CLANG_ANALYZER_NONNULL = YES;
				CLANG_ANALYZER_NUMBER_OBJECT_CONVERSION = YES_AGGRESSIVE;
				CLANG_CXX_LANGUAGE_STANDARD = "gnu++20";
				CLANG_ENABLE_MODULES = YES;
				CLANG_ENABLE_OBJC_ARC = YES;
				CLANG_ENABLE_OBJC_WEAK = YES;
				CLANG_WARN_BLOCK_CAPTURE_AUTORELEASING = YES;
				CLANG_WARN_BOOL_CONVERSION = YES;
				CLANG_WARN_COMMA = YES;
				CLANG_WARN_CONSTANT_CONVERSION = YES;
				CLANG_WARN_DEPRECATED_OBJC_IMPLEMENTATIONS = YES;
				CLANG_WARN_DIRECT_OBJC_ISA_USAGE = YES_ERROR;
				CLANG_WARN_DOCUMENTATION_COMMENTS = YES;
				CLANG_WARN_EMPTY_BODY = YES;
				CLANG_WARN_ENUM_CONVERSION = YES;
				CLANG_WARN_INFINITE_RECURSION = YES;
				CLANG_WARN_INT_CONVERSION = YES;
				CLANG_WARN_NON_LITERAL_NULL_CONVERSION = YES;
				CLANG_WARN_OBJC_IMPLICIT_RETAIN_SELF = YES;
				CLANG_WARN_OBJC_LITERAL_CONVERSION = YES;
				CLANG_WARN_OBJC_ROOT_CLASS = YES_ERROR;
				CLANG_WARN_QUOTED_INCLUDE_IN_FRAMEWORK_HEADER = YES;
				CLANG_WARN_RANGE_LOOP_ANALYSIS = YES;
				CLANG_WARN_STRICT_PROTOTYPES = YES;
				CLANG_WARN_SUSPICIOUS_MOVE = YES;
				CLANG_WARN_UNGUARDED_AVAILABILITY = YES_AGGRESSIVE;
				CLANG_WARN_UNREACHABLE_CODE = YES;
				CLANG_WARN__DUPLICATE_METHOD_MATCH = YES;
				COPY_PHASE_STRIP = NO;
				DEBUG_INFORMATION_FORMAT = "dwarf-with-dsym";
				ENABLE_NS_ASSERTIONS = NO;
				ENABLE_STRICT_OBJC_MSGSEND = YES;
				ENABLE_USER_SCRIPT_SANDBOXING = YES;
				GCC_C_LANGUAGE_STANDARD = gnu17;
				GCC_NO_COMMON_BLOCKS = YES;
				GCC_WARN_64_TO_32_BIT_CONVERSION = YES;
				GCC_WARN_ABOUT_RETURN_TYPE = YES_ERROR;
				GCC_WARN_UNDECLARED_SELECTOR = YES;
				GCC_WARN_UNINITIALIZED_AUTOS = YES_AGGRESSIVE;
				GCC_WARN_UNUSED_FUNCTION = YES;
				GCC_WARN_UNUSED_VARIABLE = YES;
				IPHONEOS_DEPLOYMENT_TARGET = 17.4;
				LOCALIZATION_PREFERS_STRING_CATALOGS = YES;
				MTL_ENABLE_DEBUG_INFO = NO;
				MTL_FAST_MATH = YES;
				SDKROOT = iphoneos;
				SWIFT_COMPILATION_MODE = wholemodule;
				VALIDATE_PRODUCT = YES;
			};
			name = Release;
		};
		B63CA7A82BD8FB1E007D48D7 /* Debug */ = {
			isa = XCBuildConfiguration;
			buildSettings = {
				ASSETCATALOG_COMPILER_APPICON_NAME = AppIcon;
				ASSETCATALOG_COMPILER_GLOBAL_ACCENT_COLOR_NAME = AccentColor;
				CODE_SIGN_STYLE = Automatic;
				CURRENT_PROJECT_VERSION = 1;
				DEVELOPMENT_ASSET_PATHS = "\"Day 43 - Navigation/Preview Content\"";
				DEVELOPMENT_TEAM = H8ZGPE64NJ;
				ENABLE_PREVIEWS = YES;
				GENERATE_INFOPLIST_FILE = YES;
				INFOPLIST_KEY_UIApplicationSceneManifest_Generation = YES;
				INFOPLIST_KEY_UIApplicationSupportsIndirectInputEvents = YES;
				INFOPLIST_KEY_UILaunchScreen_Generation = YES;
				INFOPLIST_KEY_UISupportedInterfaceOrientations_iPad = "UIInterfaceOrientationPortrait UIInterfaceOrientationPortraitUpsideDown UIInterfaceOrientationLandscapeLeft UIInterfaceOrientationLandscapeRight";
				INFOPLIST_KEY_UISupportedInterfaceOrientations_iPhone = "UIInterfaceOrientationPortrait UIInterfaceOrientationLandscapeLeft UIInterfaceOrientationLandscapeRight";
				LD_RUNPATH_SEARCH_PATHS = (
					"$(inherited)",
					"@executable_path/Frameworks",
				);
				MARKETING_VERSION = 1.0;
				PRODUCT_BUNDLE_IDENTIFIER = "br.com.includesystems.Day-43---Navigation";
				PRODUCT_NAME = "$(TARGET_NAME)";
				SWIFT_EMIT_LOC_STRINGS = YES;
				SWIFT_VERSION = 5.0;
				TARGETED_DEVICE_FAMILY = "1,2";
			};
			name = Debug;
		};
		B63CA7A92BD8FB1E007D48D7 /* Release */ = {
			isa = XCBuildConfiguration;
			buildSettings = {
				ASSETCATALOG_COMPILER_APPICON_NAME = AppIcon;
				ASSETCATALOG_COMPILER_GLOBAL_ACCENT_COLOR_NAME = AccentColor;
				CODE_SIGN_STYLE = Automatic;
				CURRENT_PROJECT_VERSION = 1;
				DEVELOPMENT_ASSET_PATHS = "\"Day 43 - Navigation/Preview Content\"";
				DEVELOPMENT_TEAM = H8ZGPE64NJ;
				ENABLE_PREVIEWS = YES;
				GENERATE_INFOPLIST_FILE = YES;
				INFOPLIST_KEY_UIApplicationSceneManifest_Generation = YES;
				INFOPLIST_KEY_UIApplicationSupportsIndirectInputEvents = YES;
				INFOPLIST_KEY_UILaunchScreen_Generation = YES;
				INFOPLIST_KEY_UISupportedInterfaceOrientations_iPad = "UIInterfaceOrientationPortrait UIInterfaceOrientationPortraitUpsideDown UIInterfaceOrientationLandscapeLeft UIInterfaceOrientationLandscapeRight";
				INFOPLIST_KEY_UISupportedInterfaceOrientations_iPhone = "UIInterfaceOrientationPortrait UIInterfaceOrientationLandscapeLeft UIInterfaceOrientationLandscapeRight";
				LD_RUNPATH_SEARCH_PATHS = (
					"$(inherited)",
					"@executable_path/Frameworks",
				);
				MARKETING_VERSION = 1.0;
				PRODUCT_BUNDLE_IDENTIFIER = "br.com.includesystems.Day-43---Navigation";
				PRODUCT_NAME = "$(TARGET_NAME)";
				SWIFT_EMIT_LOC_STRINGS = YES;
				SWIFT_VERSION = 5.0;
				TARGETED_DEVICE_FAMILY = "1,2";
			};
			name = Release;
		};
/* End XCBuildConfiguration section */

/* Begin XCConfigurationList section */
		B63CA7942BD8FB18007D48D7 /* Build configuration list for PBXProject "Day 43 - Navigation" */ = {
			isa = XCConfigurationList;
			buildConfigurations = (
				B63CA7A52BD8FB1E007D48D7 /* Debug */,
				B63CA7A62BD8FB1E007D48D7 /* Release */,
			);
			defaultConfigurationIsVisible = 0;
			defaultConfigurationName = Release;
		};
		B63CA7A72BD8FB1E007D48D7 /* Build configuration list for PBXNativeTarget "Day 43 - Navigation" */ = {
			isa = XCConfigurationList;
			buildConfigurations = (
				B63CA7A82BD8FB1E007D48D7 /* Debug */,
				B63CA7A92BD8FB1E007D48D7 /* Release */,
			);
			defaultConfigurationIsVisible = 0;
			defaultConfigurationName = Release;
		};
/* End XCConfigurationList section */
	};
	rootObject = B63CA7912BD8FB18007D48D7 /* Project object */;
}
